<Solution>
  <Project Path="src/TemplateFrame/TemplateFrame.csproj" />
  <Project Path="src/TemplateFrame.Word/TemplateFrame.Word.csproj" />
  <Project Path="src/TemplateFrame.Excel/TemplateFrame.Excel.csproj" />
  <Project Path="test/TemplateFrame.Tests/TemplateFrame.Tests.csproj" />
  <Project Path="test/TemplateFrame.Word.Tests/TemplateFrame.Word.Tests.csproj" />
  <Project Path="test/TemplateFrame.Excel.Tests/TemplateFrame.Excel.Tests.csproj" />
  <Project Path="samples/TemplateFrame.Demo.Word/TemplateFrame.Demo.Word.csproj" />
  <Project Path="samples/TemplateFrame.Demo.Excel/TemplateFrame.Demo.Excel.csproj" />
</Solution>
